PODS:
<<<<<<< HEAD
  - Firebase/Auth (4.2.0):
    - Firebase/Core
    - FirebaseAuth (= 4.2.0)
  - Firebase/Core (4.2.0):
    - FirebaseAnalytics (= 4.0.3)
    - FirebaseCore (= 4.0.7)
  - Firebase/Database (4.2.0):
    - Firebase/Core
    - FirebaseDatabase (= 4.0.3)
  - Firebase/Storage (4.2.0):
    - Firebase/Core
    - FirebaseStorage (= 2.0.2)
  - FirebaseAnalytics (4.0.3):
    - FirebaseCore (~> 4.0)
    - FirebaseInstanceID (~> 2.0)
    - GoogleToolboxForMac/NSData+zlib (~> 2.1)
    - nanopb (~> 0.3)
  - FirebaseAuth (4.2.0):
    - FirebaseAnalytics (~> 4.0)
    - GoogleToolboxForMac/NSDictionary+URLArguments (~> 2.1)
    - GTMSessionFetcher/Core (~> 1.1)
  - FirebaseCore (4.0.7):
    - GoogleToolboxForMac/NSData+zlib (~> 2.1)
    - nanopb (~> 0.3)
  - FirebaseDatabase (4.0.3):
    - FirebaseAnalytics (~> 4.0)
    - FirebaseCore (~> 4.0)
    - leveldb-library (~> 1.18)
  - FirebaseInstanceID (2.0.3)
  - FirebaseStorage (2.0.2):
    - FirebaseAnalytics (~> 4.0)
    - FirebaseCore (~> 4.0)
=======
  - Firebase/Auth (3.15.0):
    - Firebase/Core
    - FirebaseAuth (= 3.1.1)
  - Firebase/Core (3.15.0):
    - FirebaseAnalytics (= 3.7.0)
    - FirebaseCore (= 3.5.2)
  - Firebase/Database (3.15.0):
    - Firebase/Core
    - FirebaseDatabase (= 3.1.2)
  - Firebase/Storage (3.15.0):
    - Firebase/Core
    - FirebaseStorage (= 1.1.0)
  - FirebaseAnalytics (3.7.0):
    - FirebaseCore (~> 3.5)
    - FirebaseInstanceID (~> 1.0)
    - GoogleToolboxForMac/NSData+zlib (~> 2.1)
  - FirebaseAuth (3.1.1):
    - FirebaseAnalytics (~> 3.7)
    - GoogleToolboxForMac/NSDictionary+URLArguments (~> 2.1)
    - GTMSessionFetcher/Core (~> 1.1)
  - FirebaseCore (3.5.2):
    - GoogleToolboxForMac/NSData+zlib (~> 2.1)
  - FirebaseDatabase (3.1.2):
    - FirebaseAnalytics (~> 3.7)
  - FirebaseInstanceID (1.0.9)
  - FirebaseStorage (1.1.0):
    - FirebaseAnalytics (~> 3.7)
>>>>>>> 709af5596380714c95f70c131124c9c363840824
    - GTMSessionFetcher/Core (~> 1.1)
  - GoogleToolboxForMac/DebugUtils (2.1.1):
    - GoogleToolboxForMac/Defines (= 2.1.1)
  - GoogleToolboxForMac/Defines (2.1.1)
  - GoogleToolboxForMac/NSData+zlib (2.1.1):
    - GoogleToolboxForMac/Defines (= 2.1.1)
  - GoogleToolboxForMac/NSDictionary+URLArguments (2.1.1):
    - GoogleToolboxForMac/DebugUtils (= 2.1.1)
    - GoogleToolboxForMac/Defines (= 2.1.1)
    - GoogleToolboxForMac/NSString+URLArguments (= 2.1.1)
  - GoogleToolboxForMac/NSString+URLArguments (2.1.1)
<<<<<<< HEAD
  - GTMSessionFetcher/Core (1.1.12)
  - leveldb-library (1.18.3)
  - nanopb (0.3.8):
    - nanopb/decode (= 0.3.8)
    - nanopb/encode (= 0.3.8)
  - nanopb/decode (0.3.8)
  - nanopb/encode (0.3.8)
=======
  - GTMSessionFetcher/Core (1.1.9)
>>>>>>> 709af5596380714c95f70c131124c9c363840824

DEPENDENCIES:
  - Firebase/Auth
  - Firebase/Database
  - Firebase/Storage

SPEC CHECKSUMS:
<<<<<<< HEAD
  Firebase: 9548cae14d69718add12d75a5b312893f7ef89c7
  FirebaseAnalytics: 76f754d37ca5b04f36856729b6af3ca0152d1069
  FirebaseAuth: 22f8a5170f31d1f111141950590f071f35df3229
  FirebaseCore: 9a6cc1e3eaf75905390f9220596ad4fd8f92faee
  FirebaseDatabase: 03940adcac54ce30db06f1fc2136f8581734ce2c
  FirebaseInstanceID: a4fc702b5a026f7322964376047f1a3f1f7cc6ff
  FirebaseStorage: 0cca42d9b889a0227c3a50121f45a4469fc9eb27
  GoogleToolboxForMac: 8e329f1b599f2512c6b10676d45736bcc2cbbeb0
  GTMSessionFetcher: ebaa1f79a5366922c1735f1566901f50beba23b7
  leveldb-library: 10fb39c39e243db4af1828441162405bbcec1404
  nanopb: 5601e6bca2dbf1ed831b519092ec110f66982ca3

PODFILE CHECKSUM: 69b77ff3a3caac7b8af31cc8916687311f57ec46

COCOAPODS: 1.3.1
=======
  Firebase: 2b1cdfba1cda8589f32904a697cc753322bff9d8
  FirebaseAnalytics: 0d1b7d81d5021155be37702a94ba1ec16d45365d
  FirebaseAuth: cc8a1824170adbd351edb7f994490a3fb5c18be6
  FirebaseCore: a024587e43778508700af8c6b1209f7c4516ba02
  FirebaseDatabase: 05c96d7b43a7368dc91c07791adb49683e1738d1
  FirebaseInstanceID: 2d0518b1378fe9d685ef40cbdd63d2fdc1125339
  FirebaseStorage: a5c55b23741a49a72af8f30f95b3bb5ddbeda12d
  GoogleToolboxForMac: 8e329f1b599f2512c6b10676d45736bcc2cbbeb0
  GTMSessionFetcher: 5c046c76a1f859bc9c187e918f18e4fc7bb57b5e

PODFILE CHECKSUM: 69b77ff3a3caac7b8af31cc8916687311f57ec46

COCOAPODS: 1.0.1
>>>>>>> 709af5596380714c95f70c131124c9c363840824
